
Microsoft Visual Studio Solution File, Format Version 12.00
# Visual Studio Version 16
VisualStudioVersion = 16.0.31624.102
MinimumVisualStudioVersion = 10.0.40219.1
Project("{2150E333-8FDC-42A3-9474-1A3956D46DE8}") = "Doc", "Doc", "{D045F4B3-118F-4159-87A2-57B3F9100E34}"
EndProject
Project("{8BC9CEB8-8B4A-11D0-8D11-00A0C91BC942}") = "GameEngineBase", "GameEngineBase\GameEngineBase.vcxproj", "{963AEA7D-8A59-426B-AB7E-15FC9E3DF722}"
EndProject
Project("{2150E333-8FDC-42A3-9474-1A3956D46DE8}") = "조언", "조언", "{6EF9B7A2-08DD-4A3A-A32B-F055B3F2B5BE}"
	ProjectSection(SolutionItems) = preProject
		Doc\기본문법의 핵심.txt = Doc\기본문법의 핵심.txt
		Doc\자료구조란.txt = Doc\자료구조란.txt
		Doc\포폴진행.txt = Doc\포폴진행.txt
		Doc\프로그래머의 스펙이란.txt = Doc\프로그래머의 스펙이란.txt
		Doc\프로그래밍 원칙.txt = Doc\프로그래밍 원칙.txt
	EndProjectSection
EndProject
Project("{2150E333-8FDC-42A3-9474-1A3956D46DE8}") = "에러", "에러", "{4FDCBA32-D546-483D-8EB4-C01221767FBD}"
	ProjectSection(SolutionItems) = preProject
		Doc\Errors.txt = Doc\Errors.txt
		Doc\Warning.txt = Doc\Warning.txt
	EndProjectSection
EndProject
Project("{2150E333-8FDC-42A3-9474-1A3956D46DE8}") = "구조", "구조", "{E573043F-4AE6-4394-9690-DEC9E4411830}"
	ProjectSection(SolutionItems) = preProject
		Doc\API프로젝트 구조.txt = Doc\API프로젝트 구조.txt
	EndProjectSection
EndProject
Project("{2150E333-8FDC-42A3-9474-1A3956D46DE8}") = "Level0", "Level0", "{AD3D6B13-F1D8-43D5-A92B-2AA20366F606}"
EndProject
Project("{2150E333-8FDC-42A3-9474-1A3956D46DE8}") = "Level1", "Level1", "{E9DE7261-DF40-4A8E-8E3F-DA67105B56A8}"
EndProject
Project("{8BC9CEB8-8B4A-11D0-8D11-00A0C91BC942}") = "GameEngine", "GameEngine\GameEngine.vcxproj", "{BFB6F7A8-87E3-4719-8B62-2AEEEC498634}"
EndProject
Project("{8BC9CEB8-8B4A-11D0-8D11-00A0C91BC942}") = "GameLogic", "GameLogic\GameLogic.vcxproj", "{CCF90855-4E7B-4240-A05E-645A3142B6F9}"
EndProject
Project("{2150E333-8FDC-42A3-9474-1A3956D46DE8}") = "Level2", "Level2", "{51B0B6AD-D666-4245-842B-A14C498608A1}"
EndProject
Project("{2150E333-8FDC-42A3-9474-1A3956D46DE8}") = "Level3", "Level3", "{FDA7EAC9-8152-440C-ACD2-85140287BC4E}"
EndProject
Project("{8BC9CEB8-8B4A-11D0-8D11-00A0C91BC942}") = "GameApp", "GameApp\GameApp.vcxproj", "{9D26D4DC-4815-401F-ADF8-ACD7F8295A7A}"
EndProject
Project("{2150E333-8FDC-42A3-9474-1A3956D46DE8}") = "포폴", "포폴", "{02475767-90CA-4890-8C17-0683CCA6856A}"
	ProjectSection(SolutionItems) = preProject
		Doc\API포폴게임논평.txt = Doc\API포폴게임논평.txt
	EndProjectSection
EndProject
Project("{2150E333-8FDC-42A3-9474-1A3956D46DE8}") = "기본", "기본", "{31F8CDBD-FDFE-4BE8-980A-21B505C61335}"
	ProjectSection(SolutionItems) = preProject
		Doc\문자열.txt = Doc\문자열.txt
		Doc\윈도우핸들들.txt = Doc\윈도우핸들들.txt
		Doc\파일입출력.txt = Doc\파일입출력.txt
	EndProjectSection
EndProject
Project("{2150E333-8FDC-42A3-9474-1A3956D46DE8}") = "수학", "수학", "{B936BA2C-1E53-4B6D-8B0D-08142CEE6FBE}"
	ProjectSection(SolutionItems) = preProject
		Doc\Random.txt = Doc\Random.txt
		Doc\회전.txt = Doc\회전.txt
	EndProjectSection
EndProject
Global
	GlobalSection(SolutionConfigurationPlatforms) = preSolution
		Debug|x64 = Debug|x64
		Debug|x86 = Debug|x86
		Release|x64 = Release|x64
		Release|x86 = Release|x86
	EndGlobalSection
	GlobalSection(ProjectConfigurationPlatforms) = postSolution
		{963AEA7D-8A59-426B-AB7E-15FC9E3DF722}.Debug|x64.ActiveCfg = Debug|x64
		{963AEA7D-8A59-426B-AB7E-15FC9E3DF722}.Debug|x64.Build.0 = Debug|x64
		{963AEA7D-8A59-426B-AB7E-15FC9E3DF722}.Debug|x86.ActiveCfg = Debug|Win32
		{963AEA7D-8A59-426B-AB7E-15FC9E3DF722}.Debug|x86.Build.0 = Debug|Win32
		{963AEA7D-8A59-426B-AB7E-15FC9E3DF722}.Release|x64.ActiveCfg = Release|x64
		{963AEA7D-8A59-426B-AB7E-15FC9E3DF722}.Release|x64.Build.0 = Release|x64
		{963AEA7D-8A59-426B-AB7E-15FC9E3DF722}.Release|x86.ActiveCfg = Release|Win32
		{963AEA7D-8A59-426B-AB7E-15FC9E3DF722}.Release|x86.Build.0 = Release|Win32
		{BFB6F7A8-87E3-4719-8B62-2AEEEC498634}.Debug|x64.ActiveCfg = Debug|x64
		{BFB6F7A8-87E3-4719-8B62-2AEEEC498634}.Debug|x64.Build.0 = Debug|x64
		{BFB6F7A8-87E3-4719-8B62-2AEEEC498634}.Debug|x86.ActiveCfg = Debug|Win32
		{BFB6F7A8-87E3-4719-8B62-2AEEEC498634}.Debug|x86.Build.0 = Debug|Win32
		{BFB6F7A8-87E3-4719-8B62-2AEEEC498634}.Release|x64.ActiveCfg = Release|x64
		{BFB6F7A8-87E3-4719-8B62-2AEEEC498634}.Release|x64.Build.0 = Release|x64
		{BFB6F7A8-87E3-4719-8B62-2AEEEC498634}.Release|x86.ActiveCfg = Release|Win32
		{BFB6F7A8-87E3-4719-8B62-2AEEEC498634}.Release|x86.Build.0 = Release|Win32
		{CCF90855-4E7B-4240-A05E-645A3142B6F9}.Debug|x64.ActiveCfg = Debug|x64
		{CCF90855-4E7B-4240-A05E-645A3142B6F9}.Debug|x64.Build.0 = Debug|x64
		{CCF90855-4E7B-4240-A05E-645A3142B6F9}.Debug|x86.ActiveCfg = Debug|Win32
		{CCF90855-4E7B-4240-A05E-645A3142B6F9}.Debug|x86.Build.0 = Debug|Win32
		{CCF90855-4E7B-4240-A05E-645A3142B6F9}.Release|x64.ActiveCfg = Release|x64
		{CCF90855-4E7B-4240-A05E-645A3142B6F9}.Release|x64.Build.0 = Release|x64
		{CCF90855-4E7B-4240-A05E-645A3142B6F9}.Release|x86.ActiveCfg = Release|Win32
		{CCF90855-4E7B-4240-A05E-645A3142B6F9}.Release|x86.Build.0 = Release|Win32
		{9D26D4DC-4815-401F-ADF8-ACD7F8295A7A}.Debug|x64.ActiveCfg = Debug|x64
		{9D26D4DC-4815-401F-ADF8-ACD7F8295A7A}.Debug|x64.Build.0 = Debug|x64
		{9D26D4DC-4815-401F-ADF8-ACD7F8295A7A}.Debug|x86.ActiveCfg = Debug|Win32
		{9D26D4DC-4815-401F-ADF8-ACD7F8295A7A}.Debug|x86.Build.0 = Debug|Win32
		{9D26D4DC-4815-401F-ADF8-ACD7F8295A7A}.Release|x64.ActiveCfg = Release|x64
		{9D26D4DC-4815-401F-ADF8-ACD7F8295A7A}.Release|x64.Build.0 = Release|x64
		{9D26D4DC-4815-401F-ADF8-ACD7F8295A7A}.Release|x86.ActiveCfg = Release|Win32
		{9D26D4DC-4815-401F-ADF8-ACD7F8295A7A}.Release|x86.Build.0 = Release|Win32
	EndGlobalSection
	GlobalSection(SolutionProperties) = preSolution
		HideSolutionNode = FALSE
	EndGlobalSection
	GlobalSection(NestedProjects) = preSolution
		{963AEA7D-8A59-426B-AB7E-15FC9E3DF722} = {AD3D6B13-F1D8-43D5-A92B-2AA20366F606}
		{6EF9B7A2-08DD-4A3A-A32B-F055B3F2B5BE} = {D045F4B3-118F-4159-87A2-57B3F9100E34}
		{4FDCBA32-D546-483D-8EB4-C01221767FBD} = {D045F4B3-118F-4159-87A2-57B3F9100E34}
		{E573043F-4AE6-4394-9690-DEC9E4411830} = {D045F4B3-118F-4159-87A2-57B3F9100E34}
		{BFB6F7A8-87E3-4719-8B62-2AEEEC498634} = {E9DE7261-DF40-4A8E-8E3F-DA67105B56A8}
		{CCF90855-4E7B-4240-A05E-645A3142B6F9} = {51B0B6AD-D666-4245-842B-A14C498608A1}
		{9D26D4DC-4815-401F-ADF8-ACD7F8295A7A} = {FDA7EAC9-8152-440C-ACD2-85140287BC4E}
		{02475767-90CA-4890-8C17-0683CCA6856A} = {D045F4B3-118F-4159-87A2-57B3F9100E34}
		{31F8CDBD-FDFE-4BE8-980A-21B505C61335} = {D045F4B3-118F-4159-87A2-57B3F9100E34}
		{B936BA2C-1E53-4B6D-8B0D-08142CEE6FBE} = {D045F4B3-118F-4159-87A2-57B3F9100E34}
	EndGlobalSection
	GlobalSection(ExtensibilityGlobals) = postSolution
		SolutionGuid = {53A5724D-F29D-4CD5-80C6-0BC00EB48D5D}
	EndGlobalSection
EndGlobal
