<?xml version="1.0" encoding="utf-8"?>
<Project ToolsVersion="4.0" xmlns="http://schemas.microsoft.com/developer/msbuild/2003">
  <ItemGroup>
    <Filter Include="Level">
      <UniqueIdentifier>{2bdfad18-e6b7-4b5b-a574-e980b588103d}</UniqueIdentifier>
    </Filter>
    <Filter Include="Actor">
      <UniqueIdentifier>{caf75e45-55cb-4acc-9869-b8b9c4ab8060}</UniqueIdentifier>
    </Filter>
    <Filter Include="Enum">
      <UniqueIdentifier>{ca96aba4-b18b-422d-a995-b9a91e6eaf2d}</UniqueIdentifier>
    </Filter>
    <Filter Include="Actor\TitleLevel">
      <UniqueIdentifier>{9f1540b3-2861-473d-a6e6-871fbdf9430b}</UniqueIdentifier>
    </Filter>
    <Filter Include="Actor\LobbyLevel">
      <UniqueIdentifier>{c8e9a024-d862-498d-bfc8-9c7b9ab1bf43}</UniqueIdentifier>
    </Filter>
    <Filter Include="Actor\PlayLevel">
      <UniqueIdentifier>{bfc3f820-fa47-4b86-8929-20c53951cbfa}</UniqueIdentifier>
    </Filter>
    <Filter Include="Actor\LoadingLevel">
      <UniqueIdentifier>{d6236c91-4435-4f64-8223-421c3e519f68}</UniqueIdentifier>
    </Filter>
    <Filter Include="Actor\PlayLevel\UI">
      <UniqueIdentifier>{ccefebcf-b231-4c5d-83e0-40c3da3a58fb}</UniqueIdentifier>
    </Filter>
    <Filter Include="Actor\PlayLevel\Background">
      <UniqueIdentifier>{45caa6aa-6a80-4f03-b04e-2e2941882894}</UniqueIdentifier>
    </Filter>
    <Filter Include="Actor\PlayLevel\GimmickObject">
      <UniqueIdentifier>{8903fba7-76ed-4e64-b496-0bebbdadcf07}</UniqueIdentifier>
    </Filter>
    <Filter Include="Actor\PlayLevel\WaterLevel">
      <UniqueIdentifier>{da4556a8-b00a-4787-be4b-3e7f4153e821}</UniqueIdentifier>
    </Filter>
  </ItemGroup>
  <ItemGroup>
    <ClInclude Include="FadeObject.h">
      <Filter>Actor</Filter>
    </ClInclude>
    <ClInclude Include="TestLevel.h">
      <Filter>Level</Filter>
    </ClInclude>
    <ClInclude Include="TestActor.h">
      <Filter>Actor</Filter>
    </ClInclude>
    <ClInclude Include="eCollisionGroup.h">
      <Filter>Enum</Filter>
    </ClInclude>
    <ClInclude Include="TitleLevel.h">
      <Filter>Level</Filter>
    </ClInclude>
    <ClInclude Include="LobbyLevel.h">
      <Filter>Level</Filter>
    </ClInclude>
    <ClInclude Include="PlayLevel.h">
      <Filter>Level</Filter>
    </ClInclude>
    <ClInclude Include="TitleImage.h">
      <Filter>Actor\TitleLevel</Filter>
    </ClInclude>
    <ClInclude Include="MapTrain.h">
      <Filter>Actor\PlayLevel</Filter>
    </ClInclude>
    <ClInclude Include="LobbyImage.h">
      <Filter>Actor\LobbyLevel</Filter>
    </ClInclude>
    <ClInclude Include="Worm.h">
      <Filter>Actor\PlayLevel</Filter>
    </ClInclude>
    <ClInclude Include="LoadingLevel.h">
      <Filter>Level</Filter>
    </ClInclude>
    <ClInclude Include="LoadingImage.h">
      <Filter>Actor\LoadingLevel</Filter>
    </ClInclude>
    <ClInclude Include="WeaponSheet.h">
      <Filter>Actor\PlayLevel\UI</Filter>
    </ClInclude>
    <ClInclude Include="UIController.h">
      <Filter>Actor\PlayLevel\UI</Filter>
    </ClInclude>
    <ClInclude Include="eCollisionCheckColor.h">
      <Filter>Enum</Filter>
    </ClInclude>
    <ClInclude Include="BackgroundScatter.h">
      <Filter>Actor\PlayLevel\Background</Filter>
    </ClInclude>
    <ClInclude Include="BottomHealthBar.h">
      <Filter>Actor\PlayLevel\UI</Filter>
    </ClInclude>
    <ClInclude Include="BottomFlag.h">
      <Filter>Actor\PlayLevel\UI</Filter>
    </ClInclude>
    <ClInclude Include="BottomNameTag.h">
      <Filter>Actor\PlayLevel\UI</Filter>
    </ClInclude>
    <ClInclude Include="UnderWater.h">
      <Filter>Actor\PlayLevel\WaterLevel</Filter>
    </ClInclude>
    <ClInclude Include="WaterLevel.h">
      <Filter>Actor\PlayLevel\WaterLevel</Filter>
    </ClInclude>
    <ClInclude Include="WaterWave.h">
      <Filter>Actor\PlayLevel\WaterLevel</Filter>
    </ClInclude>
    <ClInclude Include="DrumActor.h">
      <Filter>Actor\PlayLevel\GimmickObject</Filter>
    </ClInclude>
    <ClInclude Include="WindController.h">
      <Filter>Actor\PlayLevel\Background</Filter>
    </ClInclude>
  </ItemGroup>
  <ItemGroup>
    <ClCompile Include="FadeObject.cpp">
      <Filter>Actor</Filter>
    </ClCompile>
    <ClCompile Include="TestLevel.cpp">
      <Filter>Level</Filter>
    </ClCompile>
    <ClCompile Include="TestActor.cpp">
      <Filter>Actor</Filter>
    </ClCompile>
    <ClCompile Include="TitleLevel.cpp">
      <Filter>Level</Filter>
    </ClCompile>
    <ClCompile Include="LobbyLevel.cpp">
      <Filter>Level</Filter>
    </ClCompile>
    <ClCompile Include="PlayLevel.cpp">
      <Filter>Level</Filter>
    </ClCompile>
    <ClCompile Include="TitleImage.cpp">
      <Filter>Actor\TitleLevel</Filter>
    </ClCompile>
    <ClCompile Include="MapTrain.cpp">
      <Filter>Actor\PlayLevel</Filter>
    </ClCompile>
    <ClCompile Include="LobbyImage.cpp">
      <Filter>Actor\LobbyLevel</Filter>
    </ClCompile>
    <ClCompile Include="Worm.cpp">
      <Filter>Actor\PlayLevel</Filter>
    </ClCompile>
    <ClCompile Include="LoadingLevel.cpp">
      <Filter>Level</Filter>
    </ClCompile>
    <ClCompile Include="LoadingImage.cpp">
      <Filter>Actor\LoadingLevel</Filter>
    </ClCompile>
    <ClCompile Include="WeaponSheet.cpp">
      <Filter>Actor\PlayLevel\UI</Filter>
    </ClCompile>
    <ClCompile Include="UIController.cpp">
      <Filter>Actor\PlayLevel\UI</Filter>
    </ClCompile>
    <ClCompile Include="BackgroundScatter.cpp">
      <Filter>Actor\PlayLevel\Background</Filter>
    </ClCompile>
    <ClCompile Include="BottomHealthBar.cpp">
      <Filter>Actor\PlayLevel\UI</Filter>
    </ClCompile>
    <ClCompile Include="BottomFlag.cpp">
      <Filter>Actor\PlayLevel\UI</Filter>
    </ClCompile>
    <ClCompile Include="BottomNameTag.cpp">
      <Filter>Actor\PlayLevel\UI</Filter>
    </ClCompile>
    <ClCompile Include="UnderWater.cpp">
      <Filter>Actor\PlayLevel\WaterLevel</Filter>
    </ClCompile>
    <ClCompile Include="WaterLevel.cpp">
      <Filter>Actor\PlayLevel\WaterLevel</Filter>
    </ClCompile>
    <ClCompile Include="WaterWave.cpp">
      <Filter>Actor\PlayLevel\WaterLevel</Filter>
    </ClCompile>
    <ClCompile Include="DrumActor.cpp">
      <Filter>Actor\PlayLevel\GimmickObject</Filter>
    </ClCompile>
    <ClCompile Include="WindController.cpp">
      <Filter>Actor\PlayLevel\Background</Filter>
    </ClCompile>
  </ItemGroup>
</Project>