<?xml version="1.0" encoding="utf-8"?>
<Project ToolsVersion="4.0" xmlns="http://schemas.microsoft.com/developer/msbuild/2003">
  <ItemGroup>
    <Filter Include="Level">
      <UniqueIdentifier>{2bdfad18-e6b7-4b5b-a574-e980b588103d}</UniqueIdentifier>
    </Filter>
    <Filter Include="Actor">
      <UniqueIdentifier>{caf75e45-55cb-4acc-9869-b8b9c4ab8060}</UniqueIdentifier>
    </Filter>
    <Filter Include="Enum">
      <UniqueIdentifier>{ca96aba4-b18b-422d-a995-b9a91e6eaf2d}</UniqueIdentifier>
    </Filter>
  </ItemGroup>
  <ItemGroup>
    <ClInclude Include="FadeObject.h">
      <Filter>Actor</Filter>
    </ClInclude>
    <ClInclude Include="TestLevel.h">
      <Filter>Level</Filter>
    </ClInclude>
    <ClInclude Include="TestActor.h">
      <Filter>Actor</Filter>
    </ClInclude>
    <ClInclude Include="eCollisionGroup.h">
      <Filter>Enum</Filter>
    </ClInclude>
  </ItemGroup>
  <ItemGroup>
    <ClCompile Include="FadeObject.cpp">
      <Filter>Actor</Filter>
    </ClCompile>
    <ClCompile Include="TestLevel.cpp">
      <Filter>Level</Filter>
    </ClCompile>
    <ClCompile Include="TestActor.cpp">
      <Filter>Actor</Filter>
    </ClCompile>
  </ItemGroup>
</Project>